
Microsoft Visual Studio Solution File, Format Version 12.00
# Visual Studio Version 16
VisualStudioVersion = 16.0.30717.126
MinimumVisualStudioVersion = 10.0.40219.1
Project("{FAE04EC0-301F-11D3-BF4B-00C04F79EFBC}") = "MyPimpedCar", "EventsGrundlagen\MyPimpedCar.csproj", "{94A74DE4-080C-425D-BF36-178B2A1D3301}"
EndProject
Project("{FAE04EC0-301F-11D3-BF4B-00C04F79EFBC}") = "Grundlagen_HatEin_Vererbung", "..\..\20201123 - KursOnline\Grundlagen_HatEin_Vererbung\Grundlagen_HatEin_Vererbung\Grundlagen_HatEin_Vererbung.csproj", "{310681E8-12D0-496A-977E-7EC4C5B8A537}"
EndProject
Global
	GlobalSection(SolutionConfigurationPlatforms) = preSolution
		Debug|Any CPU = Debug|Any CPU
		Release|Any CPU = Release|Any CPU
	EndGlobalSection
	GlobalSection(ProjectConfigurationPlatforms) = postSolution
		{94A74DE4-080C-425D-BF36-178B2A1D3301}.Debug|Any CPU.ActiveCfg = Debug|Any CPU
		{94A74DE4-080C-425D-BF36-178B2A1D3301}.Debug|Any CPU.Build.0 = Debug|Any CPU
		{94A74DE4-080C-425D-BF36-178B2A1D3301}.Release|Any CPU.ActiveCfg = Release|Any CPU
		{94A74DE4-080C-425D-BF36-178B2A1D3301}.Release|Any CPU.Build.0 = Release|Any CPU
		{310681E8-12D0-496A-977E-7EC4C5B8A537}.Debug|Any CPU.ActiveCfg = Debug|Any CPU
		{310681E8-12D0-496A-977E-7EC4C5B8A537}.Debug|Any CPU.Build.0 = Debug|Any CPU
		{310681E8-12D0-496A-977E-7EC4C5B8A537}.Release|Any CPU.ActiveCfg = Release|Any CPU
		{310681E8-12D0-496A-977E-7EC4C5B8A537}.Release|Any CPU.Build.0 = Release|Any CPU
	EndGlobalSection
	GlobalSection(SolutionProperties) = preSolution
		HideSolutionNode = FALSE
	EndGlobalSection
	GlobalSection(ExtensibilityGlobals) = postSolution
		SolutionGuid = {C1D2B99D-6983-4F73-BECE-EB400667A2F4}
	EndGlobalSection
EndGlobal
