
Microsoft Visual Studio Solution File, Format Version 12.00
# Visual Studio Version 16
VisualStudioVersion = 16.0.30717.126
MinimumVisualStudioVersion = 10.0.40219.1
Project("{FAE04EC0-301F-11D3-BF4B-00C04F79EFBC}") = "Wifi.PlaylistEditor", "Wifi.PlaylistEditor\Wifi.PlaylistEditor.csproj", "{57B68FCB-5A3E-4BAA-B7B0-469BFC75CF68}"
EndProject
Project("{FAE04EC0-301F-11D3-BF4B-00C04F79EFBC}") = "Wifi.PlaylistEditor.Items", "Wifi.PlaylistEditor.Items\Wifi.PlaylistEditor.Items.csproj", "{97FBFA7E-AB2E-4D91-9E7A-DCFC3660A2FD}"
EndProject
Project("{FAE04EC0-301F-11D3-BF4B-00C04F79EFBC}") = "Wifi.PlaylistEditor.Persistence", "Wifi.PlaylistEditor.Persistence\Wifi.PlaylistEditor.Persistence.csproj", "{A815F23E-1F86-4D0D-9803-C80A78167DFA}"
EndProject
Project("{FAE04EC0-301F-11D3-BF4B-00C04F79EFBC}") = "Wifi.PlaylistEditor.Types", "Wifi.PlaylistEditor.Types\Wifi.PlaylistEditor.Types.csproj", "{8017DBE6-44A4-488B-8880-CA3A85195781}"
EndProject
Project("{FAE04EC0-301F-11D3-BF4B-00C04F79EFBC}") = "Wifi.PlaylistEditor.Items.Tests", "Wifi.PlaylistEditor.Items.Tests\Wifi.PlaylistEditor.Items.Tests.csproj", "{A6A477C9-4214-4845-87CD-B56EB9EA3862}"
EndProject
Global
	GlobalSection(SolutionConfigurationPlatforms) = preSolution
		Debug|Any CPU = Debug|Any CPU
		Release|Any CPU = Release|Any CPU
	EndGlobalSection
	GlobalSection(ProjectConfigurationPlatforms) = postSolution
		{57B68FCB-5A3E-4BAA-B7B0-469BFC75CF68}.Debug|Any CPU.ActiveCfg = Debug|Any CPU
		{57B68FCB-5A3E-4BAA-B7B0-469BFC75CF68}.Debug|Any CPU.Build.0 = Debug|Any CPU
		{57B68FCB-5A3E-4BAA-B7B0-469BFC75CF68}.Release|Any CPU.ActiveCfg = Release|Any CPU
		{57B68FCB-5A3E-4BAA-B7B0-469BFC75CF68}.Release|Any CPU.Build.0 = Release|Any CPU
		{97FBFA7E-AB2E-4D91-9E7A-DCFC3660A2FD}.Debug|Any CPU.ActiveCfg = Debug|Any CPU
		{97FBFA7E-AB2E-4D91-9E7A-DCFC3660A2FD}.Debug|Any CPU.Build.0 = Debug|Any CPU
		{97FBFA7E-AB2E-4D91-9E7A-DCFC3660A2FD}.Release|Any CPU.ActiveCfg = Release|Any CPU
		{97FBFA7E-AB2E-4D91-9E7A-DCFC3660A2FD}.Release|Any CPU.Build.0 = Release|Any CPU
		{A815F23E-1F86-4D0D-9803-C80A78167DFA}.Debug|Any CPU.ActiveCfg = Debug|Any CPU
		{A815F23E-1F86-4D0D-9803-C80A78167DFA}.Debug|Any CPU.Build.0 = Debug|Any CPU
		{A815F23E-1F86-4D0D-9803-C80A78167DFA}.Release|Any CPU.ActiveCfg = Release|Any CPU
		{A815F23E-1F86-4D0D-9803-C80A78167DFA}.Release|Any CPU.Build.0 = Release|Any CPU
		{8017DBE6-44A4-488B-8880-CA3A85195781}.Debug|Any CPU.ActiveCfg = Debug|Any CPU
		{8017DBE6-44A4-488B-8880-CA3A85195781}.Debug|Any CPU.Build.0 = Debug|Any CPU
		{8017DBE6-44A4-488B-8880-CA3A85195781}.Release|Any CPU.ActiveCfg = Release|Any CPU
		{8017DBE6-44A4-488B-8880-CA3A85195781}.Release|Any CPU.Build.0 = Release|Any CPU
		{A6A477C9-4214-4845-87CD-B56EB9EA3862}.Debug|Any CPU.ActiveCfg = Debug|Any CPU
		{A6A477C9-4214-4845-87CD-B56EB9EA3862}.Debug|Any CPU.Build.0 = Debug|Any CPU
		{A6A477C9-4214-4845-87CD-B56EB9EA3862}.Release|Any CPU.ActiveCfg = Release|Any CPU
		{A6A477C9-4214-4845-87CD-B56EB9EA3862}.Release|Any CPU.Build.0 = Release|Any CPU
	EndGlobalSection
	GlobalSection(SolutionProperties) = preSolution
		HideSolutionNode = FALSE
	EndGlobalSection
	GlobalSection(ExtensibilityGlobals) = postSolution
		SolutionGuid = {82AF4FBB-210A-4C1E-BF38-59A54A6CF6F0}
	EndGlobalSection
EndGlobal
