
Microsoft Visual Studio Solution File, Format Version 12.00
# Visual Studio Version 16
VisualStudioVersion = 16.0.29123.88
MinimumVisualStudioVersion = 10.0.40219.1
Project("{FAE04EC0-301F-11D3-BF4B-00C04F79EFBC}") = "EmloyeeBeispiel", "EmloyeeBeispiel\EmloyeeBeispiel.csproj", "{7BA6FC06-0B7E-498B-8F9A-0090E864D4EA}"
EndProject
Project("{FAE04EC0-301F-11D3-BF4B-00C04F79EFBC}") = "Artikel", "..\..\20201112 - KursOnline\Artikel\Artikel\Artikel.csproj", "{551FB888-CCF8-4C0B-BA9B-1D6A07A63E7E}"
EndProject
Global
	GlobalSection(SolutionConfigurationPlatforms) = preSolution
		Debug|Any CPU = Debug|Any CPU
		Release|Any CPU = Release|Any CPU
	EndGlobalSection
	GlobalSection(ProjectConfigurationPlatforms) = postSolution
		{7BA6FC06-0B7E-498B-8F9A-0090E864D4EA}.Debug|Any CPU.ActiveCfg = Debug|Any CPU
		{7BA6FC06-0B7E-498B-8F9A-0090E864D4EA}.Debug|Any CPU.Build.0 = Debug|Any CPU
		{7BA6FC06-0B7E-498B-8F9A-0090E864D4EA}.Release|Any CPU.ActiveCfg = Release|Any CPU
		{7BA6FC06-0B7E-498B-8F9A-0090E864D4EA}.Release|Any CPU.Build.0 = Release|Any CPU
		{551FB888-CCF8-4C0B-BA9B-1D6A07A63E7E}.Debug|Any CPU.ActiveCfg = Debug|Any CPU
		{551FB888-CCF8-4C0B-BA9B-1D6A07A63E7E}.Debug|Any CPU.Build.0 = Debug|Any CPU
		{551FB888-CCF8-4C0B-BA9B-1D6A07A63E7E}.Release|Any CPU.ActiveCfg = Release|Any CPU
		{551FB888-CCF8-4C0B-BA9B-1D6A07A63E7E}.Release|Any CPU.Build.0 = Release|Any CPU
	EndGlobalSection
	GlobalSection(SolutionProperties) = preSolution
		HideSolutionNode = FALSE
	EndGlobalSection
	GlobalSection(ExtensibilityGlobals) = postSolution
		SolutionGuid = {61AFD97D-4899-4930-B2A3-8498F4781AE8}
	EndGlobalSection
EndGlobal
