
Microsoft Visual Studio Solution File, Format Version 12.00
# Visual Studio Version 16
VisualStudioVersion = 16.0.29123.88
MinimumVisualStudioVersion = 10.0.40219.1
Project("{FAE04EC0-301F-11D3-BF4B-00C04F79EFBC}") = "GrundlagenVererbung", "GrundlagenVererbung\GrundlagenVererbung.csproj", "{B3D0A20A-B461-43E2-A0C8-00BE27A74583}"
EndProject
Global
	GlobalSection(SolutionConfigurationPlatforms) = preSolution
		Debug|Any CPU = Debug|Any CPU
		Release|Any CPU = Release|Any CPU
	EndGlobalSection
	GlobalSection(ProjectConfigurationPlatforms) = postSolution
		{B3D0A20A-B461-43E2-A0C8-00BE27A74583}.Debug|Any CPU.ActiveCfg = Debug|Any CPU
		{B3D0A20A-B461-43E2-A0C8-00BE27A74583}.Debug|Any CPU.Build.0 = Debug|Any CPU
		{B3D0A20A-B461-43E2-A0C8-00BE27A74583}.Release|Any CPU.ActiveCfg = Release|Any CPU
		{B3D0A20A-B461-43E2-A0C8-00BE27A74583}.Release|Any CPU.Build.0 = Release|Any CPU
	EndGlobalSection
	GlobalSection(SolutionProperties) = preSolution
		HideSolutionNode = FALSE
	EndGlobalSection
	GlobalSection(ExtensibilityGlobals) = postSolution
		SolutionGuid = {6BA68E37-D9CA-4594-8AC5-88E831460EC8}
	EndGlobalSection
EndGlobal
