
Microsoft Visual Studio Solution File, Format Version 12.00
# Visual Studio Version 16
VisualStudioVersion = 16.0.30621.155
MinimumVisualStudioVersion = 10.0.40219.1
Project("{FAE04EC0-301F-11D3-BF4B-00C04F79EFBC}") = "WertUndVerweisTypen", "WertUndVerweisTypen\WertUndVerweisTypen.csproj", "{6A2BD26B-981D-48F3-A0EB-384183D35BB2}"
EndProject
Project("{FAE04EC0-301F-11D3-BF4B-00C04F79EFBC}") = "DornerElectronic.CorporateStructure", "DornerElectronic.CorporateStructure\DornerElectronic.CorporateStructure.csproj", "{63A3D4C9-D873-4492-9B84-2F9F006C84D8}"
EndProject
Project("{FAE04EC0-301F-11D3-BF4B-00C04F79EFBC}") = "GrundlagenKlassen", "..\GrundlagenKlassen\GrundlagenKlassen\GrundlagenKlassen.csproj", "{652B981A-1325-44EC-A68D-0048C0509296}"
EndProject
Global
	GlobalSection(SolutionConfigurationPlatforms) = preSolution
		Debug|Any CPU = Debug|Any CPU
		Release|Any CPU = Release|Any CPU
	EndGlobalSection
	GlobalSection(ProjectConfigurationPlatforms) = postSolution
		{6A2BD26B-981D-48F3-A0EB-384183D35BB2}.Debug|Any CPU.ActiveCfg = Debug|Any CPU
		{6A2BD26B-981D-48F3-A0EB-384183D35BB2}.Debug|Any CPU.Build.0 = Debug|Any CPU
		{6A2BD26B-981D-48F3-A0EB-384183D35BB2}.Release|Any CPU.ActiveCfg = Release|Any CPU
		{6A2BD26B-981D-48F3-A0EB-384183D35BB2}.Release|Any CPU.Build.0 = Release|Any CPU
		{63A3D4C9-D873-4492-9B84-2F9F006C84D8}.Debug|Any CPU.ActiveCfg = Debug|Any CPU
		{63A3D4C9-D873-4492-9B84-2F9F006C84D8}.Debug|Any CPU.Build.0 = Debug|Any CPU
		{63A3D4C9-D873-4492-9B84-2F9F006C84D8}.Release|Any CPU.ActiveCfg = Release|Any CPU
		{63A3D4C9-D873-4492-9B84-2F9F006C84D8}.Release|Any CPU.Build.0 = Release|Any CPU
		{652B981A-1325-44EC-A68D-0048C0509296}.Debug|Any CPU.ActiveCfg = Debug|Any CPU
		{652B981A-1325-44EC-A68D-0048C0509296}.Debug|Any CPU.Build.0 = Debug|Any CPU
		{652B981A-1325-44EC-A68D-0048C0509296}.Release|Any CPU.ActiveCfg = Release|Any CPU
		{652B981A-1325-44EC-A68D-0048C0509296}.Release|Any CPU.Build.0 = Release|Any CPU
	EndGlobalSection
	GlobalSection(SolutionProperties) = preSolution
		HideSolutionNode = FALSE
	EndGlobalSection
	GlobalSection(ExtensibilityGlobals) = postSolution
		SolutionGuid = {953C8558-C3E5-45DB-8EC1-C2F5FCC3FBB4}
	EndGlobalSection
EndGlobal
