
Microsoft Visual Studio Solution File, Format Version 12.00
# Visual Studio Version 16
VisualStudioVersion = 16.0.30717.126
MinimumVisualStudioVersion = 10.0.40219.1
Project("{FAE04EC0-301F-11D3-BF4B-00C04F79EFBC}") = "ExceptionsAdvanced", "ExceptionsAdvanced\ExceptionsAdvanced.csproj", "{F662C43D-A9F0-42B5-BA41-30857B250E4D}"
EndProject
Global
	GlobalSection(SolutionConfigurationPlatforms) = preSolution
		Debug|Any CPU = Debug|Any CPU
		Release|Any CPU = Release|Any CPU
	EndGlobalSection
	GlobalSection(ProjectConfigurationPlatforms) = postSolution
		{F662C43D-A9F0-42B5-BA41-30857B250E4D}.Debug|Any CPU.ActiveCfg = Debug|Any CPU
		{F662C43D-A9F0-42B5-BA41-30857B250E4D}.Debug|Any CPU.Build.0 = Debug|Any CPU
		{F662C43D-A9F0-42B5-BA41-30857B250E4D}.Release|Any CPU.ActiveCfg = Release|Any CPU
		{F662C43D-A9F0-42B5-BA41-30857B250E4D}.Release|Any CPU.Build.0 = Release|Any CPU
	EndGlobalSection
	GlobalSection(SolutionProperties) = preSolution
		HideSolutionNode = FALSE
	EndGlobalSection
	GlobalSection(ExtensibilityGlobals) = postSolution
		SolutionGuid = {3F33FDEA-32AD-4C49-B3AE-84137A6C7B0D}
	EndGlobalSection
EndGlobal
